
Microsoft Visual Studio Solution File, Format Version 12.00
# Visual Studio Version 17
VisualStudioVersion = 17.8.34525.116
MinimumVisualStudioVersion = 10.0.40219.1
Project("{FAE04EC0-301F-11D3-BF4B-00C04F79EFBC}") = "Snake", "Snake\Snake.csproj", "{75BA265D-10AC-47FD-995F-77B6E97CA4A7}"
EndProject
Global
	GlobalSection(SolutionConfigurationPlatforms) = preSolution
		Debug|Any CPU = Debug|Any CPU
		Release|Any CPU = Release|Any CPU
	EndGlobalSection
	GlobalSection(ProjectConfigurationPlatforms) = postSolution
		{75BA265D-10AC-47FD-995F-77B6E97CA4A7}.Debug|Any CPU.ActiveCfg = Debug|Any CPU
		{75BA265D-10AC-47FD-995F-77B6E97CA4A7}.Debug|Any CPU.Build.0 = Debug|Any CPU
		{75BA265D-10AC-47FD-995F-77B6E97CA4A7}.Release|Any CPU.ActiveCfg = Release|Any CPU
		{75BA265D-10AC-47FD-995F-77B6E97CA4A7}.Release|Any CPU.Build.0 = Release|Any CPU
	EndGlobalSection
	GlobalSection(SolutionProperties) = preSolution
		HideSolutionNode = FALSE
	EndGlobalSection
	GlobalSection(ExtensibilityGlobals) = postSolution
		SolutionGuid = {22E6D740-4B57-4453-8B59-3D06B441A4A7}
	EndGlobalSection
EndGlobal
